// !$*UTF8*$!
{
	archiveVersion = 1;
	classes = {
	};
	objectVersion = 46;
	objects = {

/* Begin PBXBuildFile section */
		BE486A9715F7C51E00F76B4B /* newGeotrack.png in Resources */ = {isa = PBXBuildFile; fileRef = BE486A9515F7C51E00F76B4B /* newGeotrack.png */; };
		BE486A9815F7C51E00F76B4B /* newGeotrack@2x.png in Resources */ = {isa = PBXBuildFile; fileRef = BE486A9615F7C51E00F76B4B /* newGeotrack@2x.png */; };
		BE486AAB15F7CD6C00F76B4B /* LQSTableViewController.m in Sources */ = {isa = PBXBuildFile; fileRef = BE486AA815F7CD6C00F76B4B /* LQSTableViewController.m */; };
		BE486AAC15F7CD6C00F76B4B /* STableViewController.m in Sources */ = {isa = PBXBuildFile; fileRef = BE486AAA15F7CD6C00F76B4B /* STableViewController.m */; settings = {COMPILER_FLAGS = "-fno-objc-arc"; }; };
		BE51929215FEC00100B58484 /* LQTrackViewController.m in Sources */ = {isa = PBXBuildFile; fileRef = BE51929015FEC00100B58484 /* LQTrackViewController.m */; };
		BE51929315FEC00100B58484 /* LQTrackViewController.xib in Resources */ = {isa = PBXBuildFile; fileRef = BE51929115FEC00100B58484 /* LQTrackViewController.xib */; };
		BE7A849F15E6D3F600340B5C /* UIKit.framework in Frameworks */ = {isa = PBXBuildFile; fileRef = BE7A849E15E6D3F600340B5C /* UIKit.framework */; };
		BE7A84A115E6D3F600340B5C /* Foundation.framework in Frameworks */ = {isa = PBXBuildFile; fileRef = BE7A84A015E6D3F600340B5C /* Foundation.framework */; };
		BE7A84A315E6D3F600340B5C /* CoreGraphics.framework in Frameworks */ = {isa = PBXBuildFile; fileRef = BE7A84A215E6D3F600340B5C /* CoreGraphics.framework */; };
		BE7A84A915E6D3F600340B5C /* InfoPlist.strings in Resources */ = {isa = PBXBuildFile; fileRef = BE7A84A715E6D3F600340B5C /* InfoPlist.strings */; };
		BE7A84AB15E6D3F600340B5C /* main.m in Sources */ = {isa = PBXBuildFile; fileRef = BE7A84AA15E6D3F600340B5C /* main.m */; };
		BE7A84AF15E6D3F600340B5C /* LQAppDelegate.m in Sources */ = {isa = PBXBuildFile; fileRef = BE7A84AE15E6D3F600340B5C /* LQAppDelegate.m */; };
		BE7A84CF15E6E5C600340B5C /* CoreLocation.framework in Frameworks */ = {isa = PBXBuildFile; fileRef = BE7A84CC15E6E5C600340B5C /* CoreLocation.framework */; };
		BE7A84D015E6E5C600340B5C /* ImageIO.framework in Frameworks */ = {isa = PBXBuildFile; fileRef = BE7A84CD15E6E5C600340B5C /* ImageIO.framework */; };
		BE7A84D115E6E5C600340B5C /* libsqlite3.dylib in Frameworks */ = {isa = PBXBuildFile; fileRef = BE7A84CE15E6E5C600340B5C /* libsqlite3.dylib */; };
		BE7A84D515E6E5DB00340B5C /* MapKit.framework in Frameworks */ = {isa = PBXBuildFile; fileRef = BE7A84D215E6E5DB00340B5C /* MapKit.framework */; };
		BE7A84D615E6E5DB00340B5C /* MessageUI.framework in Frameworks */ = {isa = PBXBuildFile; fileRef = BE7A84D315E6E5DB00340B5C /* MessageUI.framework */; };
		BE7A84D715E6E5DB00340B5C /* QuartzCore.framework in Frameworks */ = {isa = PBXBuildFile; fileRef = BE7A84D415E6E5DB00340B5C /* QuartzCore.framework */; };
		BE7A84DE15E6E77200340B5C /* CHANGELOG.md in Resources */ = {isa = PBXBuildFile; fileRef = BE7A84DA15E6E77200340B5C /* CHANGELOG.md */; };
		BE7A84DF15E6E77200340B5C /* JSONKit.m in Sources */ = {isa = PBXBuildFile; fileRef = BE7A84DC15E6E77200340B5C /* JSONKit.m */; settings = {COMPILER_FLAGS = "-fno-objc-arc"; }; };
		BE7A84E015E6E77200340B5C /* README.md in Resources */ = {isa = PBXBuildFile; fileRef = BE7A84DD15E6E77200340B5C /* README.md */; };
		BE7FB05E15F921BE008904B9 /* NSString+URLEncoding.m in Sources */ = {isa = PBXBuildFile; fileRef = BE7FB05D15F921BE008904B9 /* NSString+URLEncoding.m */; };
		BEBB724315EC057E0007122B /* LQTabBarController.m in Sources */ = {isa = PBXBuildFile; fileRef = BEBB724215EC057E0007122B /* LQTabBarController.m */; };
		BEBB725815EC06B10007122B /* LQLoginViewController.m in Sources */ = {isa = PBXBuildFile; fileRef = BEBB724715EC06B10007122B /* LQLoginViewController.m */; };
		BEBB725915EC06B10007122B /* LQLoginViewController.xib in Resources */ = {isa = PBXBuildFile; fileRef = BEBB724815EC06B10007122B /* LQLoginViewController.xib */; };
		BEBB725A15EC06B10007122B /* LQSetupAccountViewController.m in Sources */ = {isa = PBXBuildFile; fileRef = BEBB724A15EC06B10007122B /* LQSetupAccountViewController.m */; };
		BEBB725B15EC06B10007122B /* LQSetupAccountViewController.xib in Resources */ = {isa = PBXBuildFile; fileRef = BEBB724B15EC06B10007122B /* LQSetupAccountViewController.xib */; };
		BEBB725C15EC06B10007122B /* LQCreditsViewController.m in Sources */ = {isa = PBXBuildFile; fileRef = BEBB724D15EC06B10007122B /* LQCreditsViewController.m */; };
		BEBB725D15EC06B10007122B /* LQCreditsViewController.xib in Resources */ = {isa = PBXBuildFile; fileRef = BEBB724E15EC06B10007122B /* LQCreditsViewController.xib */; };
		BEBB725E15EC06B10007122B /* LQLogoCell.m in Sources */ = {isa = PBXBuildFile; fileRef = BEBB725015EC06B10007122B /* LQLogoCell.m */; };
		BEBB725F15EC06B10007122B /* LQLogoCell.xib in Resources */ = {isa = PBXBuildFile; fileRef = BEBB725115EC06B10007122B /* LQLogoCell.xib */; };
		BEBB726015EC06B10007122B /* LQPrivacyPolicyViewController.m in Sources */ = {isa = PBXBuildFile; fileRef = BEBB725315EC06B10007122B /* LQPrivacyPolicyViewController.m */; };
		BEBB726115EC06B10007122B /* LQPrivacyPolicyViewController.xib in Resources */ = {isa = PBXBuildFile; fileRef = BEBB725415EC06B10007122B /* LQPrivacyPolicyViewController.xib */; };
		BEBB726215EC06B10007122B /* LQSettingsViewController.m in Sources */ = {isa = PBXBuildFile; fileRef = BEBB725615EC06B10007122B /* LQSettingsViewController.m */; };
		BEBB726315EC06B10007122B /* LQSettingsViewController.xib in Resources */ = {isa = PBXBuildFile; fileRef = BEBB725715EC06B10007122B /* LQSettingsViewController.xib */; };
		BEBB726715EC07950007122B /* MBProgressHUD.m in Sources */ = {isa = PBXBuildFile; fileRef = BEBB726615EC07950007122B /* MBProgressHUD.m */; };
		BEBB727215EC08180007122B /* LQButtonTableViewCell.m in Sources */ = {isa = PBXBuildFile; fileRef = BEBB726A15EC08180007122B /* LQButtonTableViewCell.m */; };
		BEBB727315EC08180007122B /* LQButtonTableViewCell.xib in Resources */ = {isa = PBXBuildFile; fileRef = BEBB726B15EC08180007122B /* LQButtonTableViewCell.xib */; };
		BEBB727415EC08180007122B /* LQTableFooterView.m in Sources */ = {isa = PBXBuildFile; fileRef = BEBB726D15EC08180007122B /* LQTableFooterView.m */; };
		BEBB727515EC08180007122B /* LQTableFooterView.xib in Resources */ = {isa = PBXBuildFile; fileRef = BEBB726E15EC08180007122B /* LQTableFooterView.xib */; };
		BEBB727615EC08180007122B /* LQTableHeaderView.m in Sources */ = {isa = PBXBuildFile; fileRef = BEBB727015EC08180007122B /* LQTableHeaderView.m */; };
		BEBB727715EC08180007122B /* LQTableHeaderView.xib in Resources */ = {isa = PBXBuildFile; fileRef = BEBB727115EC08180007122B /* LQTableHeaderView.xib */; };
		BEBB728815EC0AFC0007122B /* cartographer_bg.png in Resources */ = {isa = PBXBuildFile; fileRef = BEBB727A15EC0AFC0007122B /* cartographer_bg.png */; };
		BEBB728915EC0AFC0007122B /* cartographer_bg@2x.png in Resources */ = {isa = PBXBuildFile; fileRef = BEBB727B15EC0AFC0007122B /* cartographer_bg@2x.png */; };
		BEBB728A15EC0AFC0007122B /* logo.png in Resources */ = {isa = PBXBuildFile; fileRef = BEBB727C15EC0AFC0007122B /* logo.png */; };
		BEBB728B15EC0AFC0007122B /* logo@2x.png in Resources */ = {isa = PBXBuildFile; fileRef = BEBB727D15EC0AFC0007122B /* logo@2x.png */; };
		BEBB728C15EC0AFC0007122B /* map-marker.png in Resources */ = {isa = PBXBuildFile; fileRef = BEBB727E15EC0AFC0007122B /* map-marker.png */; };
		BEBB728D15EC0AFC0007122B /* map-marker@2x.png in Resources */ = {isa = PBXBuildFile; fileRef = BEBB727F15EC0AFC0007122B /* map-marker@2x.png */; };
		BEBB728E15EC0AFC0007122B /* map-x.png in Resources */ = {isa = PBXBuildFile; fileRef = BEBB728015EC0AFC0007122B /* map-x.png */; };
		BEBB728F15EC0AFC0007122B /* map-x@2x.png in Resources */ = {isa = PBXBuildFile; fileRef = BEBB728115EC0AFC0007122B /* map-x@2x.png */; };
		BEBB729015EC0AFC0007122B /* marker-shadow.png in Resources */ = {isa = PBXBuildFile; fileRef = BEBB728215EC0AFC0007122B /* marker-shadow.png */; };
		BEBB729115EC0AFC0007122B /* marker-shadow@2x.png in Resources */ = {isa = PBXBuildFile; fileRef = BEBB728315EC0AFC0007122B /* marker-shadow@2x.png */; };
		BEBB729415EC0AFC0007122B /* settings.png in Resources */ = {isa = PBXBuildFile; fileRef = BEBB728615EC0AFC0007122B /* settings.png */; };
		BEBB729515EC0AFC0007122B /* settings@2x.png in Resources */ = {isa = PBXBuildFile; fileRef = BEBB728715EC0AFC0007122B /* settings@2x.png */; };
		BEBB729C15EC0D4F0007122B /* button_disabled.png in Resources */ = {isa = PBXBuildFile; fileRef = BEBB729615EC0D4F0007122B /* button_disabled.png */; };
		BEBB729D15EC0D4F0007122B /* button_disabled@2x.png in Resources */ = {isa = PBXBuildFile; fileRef = BEBB729715EC0D4F0007122B /* button_disabled@2x.png */; };
		BEBB729E15EC0D4F0007122B /* button_pressed.png in Resources */ = {isa = PBXBuildFile; fileRef = BEBB729815EC0D4F0007122B /* button_pressed.png */; };
		BEBB729F15EC0D4F0007122B /* button_pressed@2x.png in Resources */ = {isa = PBXBuildFile; fileRef = BEBB729915EC0D4F0007122B /* button_pressed@2x.png */; };
		BEBB72A015EC0D4F0007122B /* button.png in Resources */ = {isa = PBXBuildFile; fileRef = BEBB729A15EC0D4F0007122B /* button.png */; };
		BEBB72A115EC0D4F0007122B /* button@2x.png in Resources */ = {isa = PBXBuildFile; fileRef = BEBB729B15EC0D4F0007122B /* button@2x.png */; };
		BEBB72BF15EC13C20007122B /* MKAnnotationView+MTLocation.m in Sources */ = {isa = PBXBuildFile; fileRef = BEBB72AA15EC13C20007122B /* MKAnnotationView+MTLocation.m */; };
		BEBB72C015EC13C20007122B /* MKMapView+MTLocation.m in Sources */ = {isa = PBXBuildFile; fileRef = BEBB72AC15EC13C20007122B /* MKMapView+MTLocation.m */; };
		BEBB72C115EC13C20007122B /* MTLocateMeBarButtonItem.m in Sources */ = {isa = PBXBuildFile; fileRef = BEBB72AE15EC13C20007122B /* MTLocateMeBarButtonItem.m */; };
		BEBB72C215EC13C20007122B /* MTLocateMeButton.m in Sources */ = {isa = PBXBuildFile; fileRef = BEBB72B015EC13C20007122B /* MTLocateMeButton.m */; };
		BEBB72C315EC13C20007122B /* MTLocation.bundle in Resources */ = {isa = PBXBuildFile; fileRef = BEBB72B115EC13C20007122B /* MTLocation.bundle */; };
		BEBB72C415EC13C20007122B /* MTLocationFunctions.m in Sources */ = {isa = PBXBuildFile; fileRef = BEBB72B515EC13C20007122B /* MTLocationFunctions.m */; };
		BEBB72C515EC13C20007122B /* MTLocationManager.m in Sources */ = {isa = PBXBuildFile; fileRef = BEBB72B715EC13C20007122B /* MTLocationManager.m */; };
		BEBB72C615EC13C20007122B /* MTOneTimeLocationManager.m in Sources */ = {isa = PBXBuildFile; fileRef = BEBB72B915EC13C20007122B /* MTOneTimeLocationManager.m */; };
		BEBB72C715EC13C20007122B /* MTTouchesMovedGestureRecognizer.m in Sources */ = {isa = PBXBuildFile; fileRef = BEBB72BB15EC13C20007122B /* MTTouchesMovedGestureRecognizer.m */; };
		BEBB72C815EC13C20007122B /* UIBarButtonItem+MTLocation.m in Sources */ = {isa = PBXBuildFile; fileRef = BEBB72BE15EC13C20007122B /* UIBarButtonItem+MTLocation.m */; };
		BEBB72CE15EC25090007122B /* Settings.bundle in Resources */ = {isa = PBXBuildFile; fileRef = BEBB72CD15EC25090007122B /* Settings.bundle */; };
		BEBB72D015EC2B1F0007122B /* Icon.png in Resources */ = {isa = PBXBuildFile; fileRef = BEBB72CF15EC2B1F0007122B /* Icon.png */; };
		BEBB72D215EC2B230007122B /* Icon@2x.png in Resources */ = {isa = PBXBuildFile; fileRef = BEBB72D115EC2B230007122B /* Icon@2x.png */; };
		BEBB72D515EC2B420007122B /* Default.png in Resources */ = {isa = PBXBuildFile; fileRef = BEBB72D315EC2B420007122B /* Default.png */; };
		BEBB72D615EC2B420007122B /* Default@2x.png in Resources */ = {isa = PBXBuildFile; fileRef = BEBB72D415EC2B420007122B /* Default@2x.png */; };
		BEBB72E415ED448C0007122B /* tracks.png in Resources */ = {isa = PBXBuildFile; fileRef = BEBB72E215ED448C0007122B /* tracks.png */; };
		BEBB72E515ED448C0007122B /* tracks@2x.png in Resources */ = {isa = PBXBuildFile; fileRef = BEBB72E315ED448C0007122B /* tracks@2x.png */; };
		BEBB72EA15ED473E0007122B /* LQTracksViewController.m in Sources */ = {isa = PBXBuildFile; fileRef = BEBB72E815ED473E0007122B /* LQTracksViewController.m */; };
		BEF78BAC15FAB9F700CF41FA /* LQNewTrackViewController.m in Sources */ = {isa = PBXBuildFile; fileRef = BEF78BAA15FAB9F700CF41FA /* LQNewTrackViewController.m */; };
		BEF78BAD15FAB9F700CF41FA /* LQNewTrackViewController.xib in Resources */ = {isa = PBXBuildFile; fileRef = BEF78BAB15FAB9F700CF41FA /* LQNewTrackViewController.xib */; };
/* End PBXBuildFile section */

/* Begin PBXFileReference section */
		BE486A9515F7C51E00F76B4B /* newGeotrack.png */ = {isa = PBXFileReference; lastKnownFileType = image.png; path = newGeotrack.png; sourceTree = "<group>"; };
		BE486A9615F7C51E00F76B4B /* newGeotrack@2x.png */ = {isa = PBXFileReference; lastKnownFileType = image.png; path = "newGeotrack@2x.png"; sourceTree = "<group>"; };
		BE486AA715F7CD6C00F76B4B /* LQSTableViewController.h */ = {isa = PBXFileReference; fileEncoding = 4; lastKnownFileType = sourcecode.c.h; path = LQSTableViewController.h; sourceTree = "<group>"; };
		BE486AA815F7CD6C00F76B4B /* LQSTableViewController.m */ = {isa = PBXFileReference; fileEncoding = 4; lastKnownFileType = sourcecode.c.objc; path = LQSTableViewController.m; sourceTree = "<group>"; };
		BE486AA915F7CD6C00F76B4B /* STableViewController.h */ = {isa = PBXFileReference; fileEncoding = 4; lastKnownFileType = sourcecode.c.h; path = STableViewController.h; sourceTree = "<group>"; };
		BE486AAA15F7CD6C00F76B4B /* STableViewController.m */ = {isa = PBXFileReference; fileEncoding = 4; lastKnownFileType = sourcecode.c.objc; path = STableViewController.m; sourceTree = "<group>"; };
		BE51928F15FEC00100B58484 /* LQTrackViewController.h */ = {isa = PBXFileReference; fileEncoding = 4; lastKnownFileType = sourcecode.c.h; path = LQTrackViewController.h; sourceTree = "<group>"; };
		BE51929015FEC00100B58484 /* LQTrackViewController.m */ = {isa = PBXFileReference; fileEncoding = 4; lastKnownFileType = sourcecode.c.objc; path = LQTrackViewController.m; sourceTree = "<group>"; };
		BE51929115FEC00100B58484 /* LQTrackViewController.xib */ = {isa = PBXFileReference; fileEncoding = 4; lastKnownFileType = file.xib; path = LQTrackViewController.xib; sourceTree = "<group>"; };
		BE7A849A15E6D3F600340B5C /* Geotracks.app */ = {isa = PBXFileReference; explicitFileType = wrapper.application; includeInIndex = 0; path = Geotracks.app; sourceTree = BUILT_PRODUCTS_DIR; };
		BE7A849E15E6D3F600340B5C /* UIKit.framework */ = {isa = PBXFileReference; lastKnownFileType = wrapper.framework; name = UIKit.framework; path = System/Library/Frameworks/UIKit.framework; sourceTree = SDKROOT; };
		BE7A84A015E6D3F600340B5C /* Foundation.framework */ = {isa = PBXFileReference; lastKnownFileType = wrapper.framework; name = Foundation.framework; path = System/Library/Frameworks/Foundation.framework; sourceTree = SDKROOT; };
		BE7A84A215E6D3F600340B5C /* CoreGraphics.framework */ = {isa = PBXFileReference; lastKnownFileType = wrapper.framework; name = CoreGraphics.framework; path = System/Library/Frameworks/CoreGraphics.framework; sourceTree = SDKROOT; };
		BE7A84A615E6D3F600340B5C /* Geotracks-Info.plist */ = {isa = PBXFileReference; lastKnownFileType = text.plist.xml; path = "Geotracks-Info.plist"; sourceTree = "<group>"; };
		BE7A84A815E6D3F600340B5C /* en */ = {isa = PBXFileReference; lastKnownFileType = text.plist.strings; name = en; path = en.lproj/InfoPlist.strings; sourceTree = "<group>"; };
		BE7A84AA15E6D3F600340B5C /* main.m */ = {isa = PBXFileReference; lastKnownFileType = sourcecode.c.objc; path = main.m; sourceTree = "<group>"; };
		BE7A84AC15E6D3F600340B5C /* Geotracks-Prefix.pch */ = {isa = PBXFileReference; lastKnownFileType = sourcecode.c.h; path = "Geotracks-Prefix.pch"; sourceTree = "<group>"; };
		BE7A84AD15E6D3F600340B5C /* LQAppDelegate.h */ = {isa = PBXFileReference; lastKnownFileType = sourcecode.c.h; path = LQAppDelegate.h; sourceTree = "<group>"; };
		BE7A84AE15E6D3F600340B5C /* LQAppDelegate.m */ = {isa = PBXFileReference; lastKnownFileType = sourcecode.c.objc; path = LQAppDelegate.m; sourceTree = "<group>"; };
		BE7A84C915E6E53400340B5C /* LQConfig.h */ = {isa = PBXFileReference; fileEncoding = 4; lastKnownFileType = sourcecode.c.h; path = LQConfig.h; sourceTree = "<group>"; };
		BE7A84CC15E6E5C600340B5C /* CoreLocation.framework */ = {isa = PBXFileReference; lastKnownFileType = wrapper.framework; name = CoreLocation.framework; path = System/Library/Frameworks/CoreLocation.framework; sourceTree = SDKROOT; };
		BE7A84CD15E6E5C600340B5C /* ImageIO.framework */ = {isa = PBXFileReference; lastKnownFileType = wrapper.framework; name = ImageIO.framework; path = System/Library/Frameworks/ImageIO.framework; sourceTree = SDKROOT; };
		BE7A84CE15E6E5C600340B5C /* libsqlite3.dylib */ = {isa = PBXFileReference; lastKnownFileType = "compiled.mach-o.dylib"; name = libsqlite3.dylib; path = usr/lib/libsqlite3.dylib; sourceTree = SDKROOT; };
		BE7A84D215E6E5DB00340B5C /* MapKit.framework */ = {isa = PBXFileReference; lastKnownFileType = wrapper.framework; name = MapKit.framework; path = System/Library/Frameworks/MapKit.framework; sourceTree = SDKROOT; };
		BE7A84D315E6E5DB00340B5C /* MessageUI.framework */ = {isa = PBXFileReference; lastKnownFileType = wrapper.framework; name = MessageUI.framework; path = System/Library/Frameworks/MessageUI.framework; sourceTree = SDKROOT; };
		BE7A84D415E6E5DB00340B5C /* QuartzCore.framework */ = {isa = PBXFileReference; lastKnownFileType = wrapper.framework; name = QuartzCore.framework; path = System/Library/Frameworks/QuartzCore.framework; sourceTree = SDKROOT; };
		BE7A84DA15E6E77200340B5C /* CHANGELOG.md */ = {isa = PBXFileReference; fileEncoding = 4; lastKnownFileType = text; path = CHANGELOG.md; sourceTree = "<group>"; };
		BE7A84DB15E6E77200340B5C /* JSONKit.h */ = {isa = PBXFileReference; fileEncoding = 4; lastKnownFileType = sourcecode.c.h; path = JSONKit.h; sourceTree = "<group>"; };
		BE7A84DC15E6E77200340B5C /* JSONKit.m */ = {isa = PBXFileReference; fileEncoding = 4; lastKnownFileType = sourcecode.c.objc; path = JSONKit.m; sourceTree = "<group>"; };
		BE7A84DD15E6E77200340B5C /* README.md */ = {isa = PBXFileReference; fileEncoding = 4; lastKnownFileType = text; path = README.md; sourceTree = "<group>"; };
		BE7FB05C15F921BE008904B9 /* NSString+URLEncoding.h */ = {isa = PBXFileReference; fileEncoding = 4; lastKnownFileType = sourcecode.c.h; path = "NSString+URLEncoding.h"; sourceTree = "<group>"; };
		BE7FB05D15F921BE008904B9 /* NSString+URLEncoding.m */ = {isa = PBXFileReference; fileEncoding = 4; lastKnownFileType = sourcecode.c.objc; path = "NSString+URLEncoding.m"; sourceTree = "<group>"; };
		BEBB724115EC057E0007122B /* LQTabBarController.h */ = {isa = PBXFileReference; fileEncoding = 4; lastKnownFileType = sourcecode.c.h; path = LQTabBarController.h; sourceTree = "<group>"; };
		BEBB724215EC057E0007122B /* LQTabBarController.m */ = {isa = PBXFileReference; fileEncoding = 4; lastKnownFileType = sourcecode.c.objc; path = LQTabBarController.m; sourceTree = "<group>"; };
		BEBB724615EC06B10007122B /* LQLoginViewController.h */ = {isa = PBXFileReference; fileEncoding = 4; lastKnownFileType = sourcecode.c.h; path = LQLoginViewController.h; sourceTree = "<group>"; };
		BEBB724715EC06B10007122B /* LQLoginViewController.m */ = {isa = PBXFileReference; fileEncoding = 4; lastKnownFileType = sourcecode.c.objc; path = LQLoginViewController.m; sourceTree = "<group>"; };
		BEBB724815EC06B10007122B /* LQLoginViewController.xib */ = {isa = PBXFileReference; fileEncoding = 4; lastKnownFileType = file.xib; path = LQLoginViewController.xib; sourceTree = "<group>"; };
		BEBB724915EC06B10007122B /* LQSetupAccountViewController.h */ = {isa = PBXFileReference; fileEncoding = 4; lastKnownFileType = sourcecode.c.h; path = LQSetupAccountViewController.h; sourceTree = "<group>"; };
		BEBB724A15EC06B10007122B /* LQSetupAccountViewController.m */ = {isa = PBXFileReference; fileEncoding = 4; lastKnownFileType = sourcecode.c.objc; path = LQSetupAccountViewController.m; sourceTree = "<group>"; };
		BEBB724B15EC06B10007122B /* LQSetupAccountViewController.xib */ = {isa = PBXFileReference; fileEncoding = 4; lastKnownFileType = file.xib; path = LQSetupAccountViewController.xib; sourceTree = "<group>"; };
		BEBB724C15EC06B10007122B /* LQCreditsViewController.h */ = {isa = PBXFileReference; fileEncoding = 4; lastKnownFileType = sourcecode.c.h; name = LQCreditsViewController.h; path = Tabs/Settings/LQCreditsViewController.h; sourceTree = "<group>"; };
		BEBB724D15EC06B10007122B /* LQCreditsViewController.m */ = {isa = PBXFileReference; fileEncoding = 4; lastKnownFileType = sourcecode.c.objc; name = LQCreditsViewController.m; path = Tabs/Settings/LQCreditsViewController.m; sourceTree = "<group>"; };
		BEBB724E15EC06B10007122B /* LQCreditsViewController.xib */ = {isa = PBXFileReference; fileEncoding = 4; lastKnownFileType = file.xib; name = LQCreditsViewController.xib; path = Tabs/Settings/LQCreditsViewController.xib; sourceTree = "<group>"; };
		BEBB724F15EC06B10007122B /* LQLogoCell.h */ = {isa = PBXFileReference; fileEncoding = 4; lastKnownFileType = sourcecode.c.h; name = LQLogoCell.h; path = Tabs/Settings/LQLogoCell.h; sourceTree = "<group>"; };
		BEBB725015EC06B10007122B /* LQLogoCell.m */ = {isa = PBXFileReference; fileEncoding = 4; lastKnownFileType = sourcecode.c.objc; name = LQLogoCell.m; path = Tabs/Settings/LQLogoCell.m; sourceTree = "<group>"; };
		BEBB725115EC06B10007122B /* LQLogoCell.xib */ = {isa = PBXFileReference; fileEncoding = 4; lastKnownFileType = file.xib; name = LQLogoCell.xib; path = Tabs/Settings/LQLogoCell.xib; sourceTree = "<group>"; };
		BEBB725215EC06B10007122B /* LQPrivacyPolicyViewController.h */ = {isa = PBXFileReference; fileEncoding = 4; lastKnownFileType = sourcecode.c.h; name = LQPrivacyPolicyViewController.h; path = Tabs/Settings/LQPrivacyPolicyViewController.h; sourceTree = "<group>"; };
		BEBB725315EC06B10007122B /* LQPrivacyPolicyViewController.m */ = {isa = PBXFileReference; fileEncoding = 4; lastKnownFileType = sourcecode.c.objc; name = LQPrivacyPolicyViewController.m; path = Tabs/Settings/LQPrivacyPolicyViewController.m; sourceTree = "<group>"; };
		BEBB725415EC06B10007122B /* LQPrivacyPolicyViewController.xib */ = {isa = PBXFileReference; fileEncoding = 4; lastKnownFileType = file.xib; name = LQPrivacyPolicyViewController.xib; path = Tabs/Settings/LQPrivacyPolicyViewController.xib; sourceTree = "<group>"; };
		BEBB725515EC06B10007122B /* LQSettingsViewController.h */ = {isa = PBXFileReference; fileEncoding = 4; lastKnownFileType = sourcecode.c.h; name = LQSettingsViewController.h; path = Tabs/Settings/LQSettingsViewController.h; sourceTree = "<group>"; };
		BEBB725615EC06B10007122B /* LQSettingsViewController.m */ = {isa = PBXFileReference; fileEncoding = 4; lastKnownFileType = sourcecode.c.objc; name = LQSettingsViewController.m; path = Tabs/Settings/LQSettingsViewController.m; sourceTree = "<group>"; };
		BEBB725715EC06B10007122B /* LQSettingsViewController.xib */ = {isa = PBXFileReference; fileEncoding = 4; lastKnownFileType = file.xib; name = LQSettingsViewController.xib; path = Tabs/Settings/LQSettingsViewController.xib; sourceTree = "<group>"; };
		BEBB726515EC07950007122B /* MBProgressHUD.h */ = {isa = PBXFileReference; fileEncoding = 4; lastKnownFileType = sourcecode.c.h; path = MBProgressHUD.h; sourceTree = "<group>"; };
		BEBB726615EC07950007122B /* MBProgressHUD.m */ = {isa = PBXFileReference; fileEncoding = 4; lastKnownFileType = sourcecode.c.objc; path = MBProgressHUD.m; sourceTree = "<group>"; };
		BEBB726915EC08180007122B /* LQButtonTableViewCell.h */ = {isa = PBXFileReference; fileEncoding = 4; lastKnownFileType = sourcecode.c.h; path = LQButtonTableViewCell.h; sourceTree = "<group>"; };
		BEBB726A15EC08180007122B /* LQButtonTableViewCell.m */ = {isa = PBXFileReference; fileEncoding = 4; lastKnownFileType = sourcecode.c.objc; path = LQButtonTableViewCell.m; sourceTree = "<group>"; };
		BEBB726B15EC08180007122B /* LQButtonTableViewCell.xib */ = {isa = PBXFileReference; fileEncoding = 4; lastKnownFileType = file.xib; path = LQButtonTableViewCell.xib; sourceTree = "<group>"; };
		BEBB726C15EC08180007122B /* LQTableFooterView.h */ = {isa = PBXFileReference; fileEncoding = 4; lastKnownFileType = sourcecode.c.h; path = LQTableFooterView.h; sourceTree = "<group>"; };
		BEBB726D15EC08180007122B /* LQTableFooterView.m */ = {isa = PBXFileReference; fileEncoding = 4; lastKnownFileType = sourcecode.c.objc; path = LQTableFooterView.m; sourceTree = "<group>"; };
		BEBB726E15EC08180007122B /* LQTableFooterView.xib */ = {isa = PBXFileReference; fileEncoding = 4; lastKnownFileType = file.xib; path = LQTableFooterView.xib; sourceTree = "<group>"; };
		BEBB726F15EC08180007122B /* LQTableHeaderView.h */ = {isa = PBXFileReference; fileEncoding = 4; lastKnownFileType = sourcecode.c.h; path = LQTableHeaderView.h; sourceTree = "<group>"; };
		BEBB727015EC08180007122B /* LQTableHeaderView.m */ = {isa = PBXFileReference; fileEncoding = 4; lastKnownFileType = sourcecode.c.objc; path = LQTableHeaderView.m; sourceTree = "<group>"; };
		BEBB727115EC08180007122B /* LQTableHeaderView.xib */ = {isa = PBXFileReference; fileEncoding = 4; lastKnownFileType = file.xib; path = LQTableHeaderView.xib; sourceTree = "<group>"; };
		BEBB727A15EC0AFC0007122B /* cartographer_bg.png */ = {isa = PBXFileReference; lastKnownFileType = image.png; path = cartographer_bg.png; sourceTree = "<group>"; };
		BEBB727B15EC0AFC0007122B /* cartographer_bg@2x.png */ = {isa = PBXFileReference; lastKnownFileType = image.png; path = "cartographer_bg@2x.png"; sourceTree = "<group>"; };
		BEBB727C15EC0AFC0007122B /* logo.png */ = {isa = PBXFileReference; lastKnownFileType = image.png; path = logo.png; sourceTree = "<group>"; };
		BEBB727D15EC0AFC0007122B /* logo@2x.png */ = {isa = PBXFileReference; lastKnownFileType = image.png; path = "logo@2x.png"; sourceTree = "<group>"; };
		BEBB727E15EC0AFC0007122B /* map-marker.png */ = {isa = PBXFileReference; lastKnownFileType = image.png; path = "map-marker.png"; sourceTree = "<group>"; };
		BEBB727F15EC0AFC0007122B /* map-marker@2x.png */ = {isa = PBXFileReference; lastKnownFileType = image.png; path = "map-marker@2x.png"; sourceTree = "<group>"; };
		BEBB728015EC0AFC0007122B /* map-x.png */ = {isa = PBXFileReference; lastKnownFileType = image.png; path = "map-x.png"; sourceTree = "<group>"; };
		BEBB728115EC0AFC0007122B /* map-x@2x.png */ = {isa = PBXFileReference; lastKnownFileType = image.png; path = "map-x@2x.png"; sourceTree = "<group>"; };
		BEBB728215EC0AFC0007122B /* marker-shadow.png */ = {isa = PBXFileReference; lastKnownFileType = image.png; path = "marker-shadow.png"; sourceTree = "<group>"; };
		BEBB728315EC0AFC0007122B /* marker-shadow@2x.png */ = {isa = PBXFileReference; lastKnownFileType = image.png; path = "marker-shadow@2x.png"; sourceTree = "<group>"; };
		BEBB728615EC0AFC0007122B /* settings.png */ = {isa = PBXFileReference; lastKnownFileType = image.png; path = settings.png; sourceTree = "<group>"; };
		BEBB728715EC0AFC0007122B /* settings@2x.png */ = {isa = PBXFileReference; lastKnownFileType = image.png; path = "settings@2x.png"; sourceTree = "<group>"; };
		BEBB729615EC0D4F0007122B /* button_disabled.png */ = {isa = PBXFileReference; lastKnownFileType = image.png; path = button_disabled.png; sourceTree = "<group>"; };
		BEBB729715EC0D4F0007122B /* button_disabled@2x.png */ = {isa = PBXFileReference; lastKnownFileType = image.png; path = "button_disabled@2x.png"; sourceTree = "<group>"; };
		BEBB729815EC0D4F0007122B /* button_pressed.png */ = {isa = PBXFileReference; lastKnownFileType = image.png; path = button_pressed.png; sourceTree = "<group>"; };
		BEBB729915EC0D4F0007122B /* button_pressed@2x.png */ = {isa = PBXFileReference; lastKnownFileType = image.png; path = "button_pressed@2x.png"; sourceTree = "<group>"; };
		BEBB729A15EC0D4F0007122B /* button.png */ = {isa = PBXFileReference; lastKnownFileType = image.png; path = button.png; sourceTree = "<group>"; };
		BEBB729B15EC0D4F0007122B /* button@2x.png */ = {isa = PBXFileReference; lastKnownFileType = image.png; path = "button@2x.png"; sourceTree = "<group>"; };
		BEBB72A915EC13C20007122B /* MKAnnotationView+MTLocation.h */ = {isa = PBXFileReference; fileEncoding = 4; lastKnownFileType = sourcecode.c.h; path = "MKAnnotationView+MTLocation.h"; sourceTree = "<group>"; };
		BEBB72AA15EC13C20007122B /* MKAnnotationView+MTLocation.m */ = {isa = PBXFileReference; fileEncoding = 4; lastKnownFileType = sourcecode.c.objc; path = "MKAnnotationView+MTLocation.m"; sourceTree = "<group>"; };
		BEBB72AB15EC13C20007122B /* MKMapView+MTLocation.h */ = {isa = PBXFileReference; fileEncoding = 4; lastKnownFileType = sourcecode.c.h; path = "MKMapView+MTLocation.h"; sourceTree = "<group>"; };
		BEBB72AC15EC13C20007122B /* MKMapView+MTLocation.m */ = {isa = PBXFileReference; fileEncoding = 4; lastKnownFileType = sourcecode.c.objc; path = "MKMapView+MTLocation.m"; sourceTree = "<group>"; };
		BEBB72AD15EC13C20007122B /* MTLocateMeBarButtonItem.h */ = {isa = PBXFileReference; fileEncoding = 4; lastKnownFileType = sourcecode.c.h; path = MTLocateMeBarButtonItem.h; sourceTree = "<group>"; };
		BEBB72AE15EC13C20007122B /* MTLocateMeBarButtonItem.m */ = {isa = PBXFileReference; fileEncoding = 4; lastKnownFileType = sourcecode.c.objc; path = MTLocateMeBarButtonItem.m; sourceTree = "<group>"; };
		BEBB72AF15EC13C20007122B /* MTLocateMeButton.h */ = {isa = PBXFileReference; fileEncoding = 4; lastKnownFileType = sourcecode.c.h; path = MTLocateMeButton.h; sourceTree = "<group>"; };
		BEBB72B015EC13C20007122B /* MTLocateMeButton.m */ = {isa = PBXFileReference; fileEncoding = 4; lastKnownFileType = sourcecode.c.objc; path = MTLocateMeButton.m; sourceTree = "<group>"; };
		BEBB72B115EC13C20007122B /* MTLocation.bundle */ = {isa = PBXFileReference; lastKnownFileType = "wrapper.plug-in"; path = MTLocation.bundle; sourceTree = "<group>"; };
		BEBB72B215EC13C20007122B /* MTLocation.h */ = {isa = PBXFileReference; fileEncoding = 4; lastKnownFileType = sourcecode.c.h; path = MTLocation.h; sourceTree = "<group>"; };
		BEBB72B315EC13C20007122B /* MTLocationDefines.h */ = {isa = PBXFileReference; fileEncoding = 4; lastKnownFileType = sourcecode.c.h; path = MTLocationDefines.h; sourceTree = "<group>"; };
		BEBB72B415EC13C20007122B /* MTLocationFunctions.h */ = {isa = PBXFileReference; fileEncoding = 4; lastKnownFileType = sourcecode.c.h; path = MTLocationFunctions.h; sourceTree = "<group>"; };
		BEBB72B515EC13C20007122B /* MTLocationFunctions.m */ = {isa = PBXFileReference; fileEncoding = 4; lastKnownFileType = sourcecode.c.objc; path = MTLocationFunctions.m; sourceTree = "<group>"; };
		BEBB72B615EC13C20007122B /* MTLocationManager.h */ = {isa = PBXFileReference; fileEncoding = 4; lastKnownFileType = sourcecode.c.h; path = MTLocationManager.h; sourceTree = "<group>"; };
		BEBB72B715EC13C20007122B /* MTLocationManager.m */ = {isa = PBXFileReference; fileEncoding = 4; lastKnownFileType = sourcecode.c.objc; path = MTLocationManager.m; sourceTree = "<group>"; };
		BEBB72B815EC13C20007122B /* MTOneTimeLocationManager.h */ = {isa = PBXFileReference; fileEncoding = 4; lastKnownFileType = sourcecode.c.h; path = MTOneTimeLocationManager.h; sourceTree = "<group>"; };
		BEBB72B915EC13C20007122B /* MTOneTimeLocationManager.m */ = {isa = PBXFileReference; fileEncoding = 4; lastKnownFileType = sourcecode.c.objc; path = MTOneTimeLocationManager.m; sourceTree = "<group>"; };
		BEBB72BA15EC13C20007122B /* MTTouchesMovedGestureRecognizer.h */ = {isa = PBXFileReference; fileEncoding = 4; lastKnownFileType = sourcecode.c.h; path = MTTouchesMovedGestureRecognizer.h; sourceTree = "<group>"; };
		BEBB72BB15EC13C20007122B /* MTTouchesMovedGestureRecognizer.m */ = {isa = PBXFileReference; fileEncoding = 4; lastKnownFileType = sourcecode.c.objc; path = MTTouchesMovedGestureRecognizer.m; sourceTree = "<group>"; };
		BEBB72BC15EC13C20007122B /* Prefix.pch */ = {isa = PBXFileReference; fileEncoding = 4; lastKnownFileType = sourcecode.c.h; path = Prefix.pch; sourceTree = "<group>"; };
		BEBB72BD15EC13C20007122B /* UIBarButtonItem+MTLocation.h */ = {isa = PBXFileReference; fileEncoding = 4; lastKnownFileType = sourcecode.c.h; path = "UIBarButtonItem+MTLocation.h"; sourceTree = "<group>"; };
		BEBB72BE15EC13C20007122B /* UIBarButtonItem+MTLocation.m */ = {isa = PBXFileReference; fileEncoding = 4; lastKnownFileType = sourcecode.c.objc; path = "UIBarButtonItem+MTLocation.m"; sourceTree = "<group>"; };
		BEBB72CC15EC23BD0007122B /* LOLDatabase.h */ = {isa = PBXFileReference; fileEncoding = 4; lastKnownFileType = sourcecode.c.h; path = LOLDatabase.h; sourceTree = "<group>"; };
		BEBB72CD15EC25090007122B /* Settings.bundle */ = {isa = PBXFileReference; lastKnownFileType = "wrapper.plug-in"; path = Settings.bundle; sourceTree = "<group>"; };
		BEBB72CF15EC2B1F0007122B /* Icon.png */ = {isa = PBXFileReference; lastKnownFileType = image.png; path = Icon.png; sourceTree = "<group>"; };
		BEBB72D115EC2B230007122B /* Icon@2x.png */ = {isa = PBXFileReference; lastKnownFileType = image.png; path = "Icon@2x.png"; sourceTree = "<group>"; };
		BEBB72D315EC2B420007122B /* Default.png */ = {isa = PBXFileReference; lastKnownFileType = image.png; path = Default.png; sourceTree = "<group>"; };
		BEBB72D415EC2B420007122B /* Default@2x.png */ = {isa = PBXFileReference; lastKnownFileType = image.png; path = "Default@2x.png"; sourceTree = "<group>"; };
		BEBB72E215ED448C0007122B /* tracks.png */ = {isa = PBXFileReference; lastKnownFileType = image.png; path = tracks.png; sourceTree = "<group>"; };
		BEBB72E315ED448C0007122B /* tracks@2x.png */ = {isa = PBXFileReference; lastKnownFileType = image.png; path = "tracks@2x.png"; sourceTree = "<group>"; };
		BEBB72E715ED473E0007122B /* LQTracksViewController.h */ = {isa = PBXFileReference; fileEncoding = 4; lastKnownFileType = sourcecode.c.h; path = LQTracksViewController.h; sourceTree = "<group>"; };
		BEBB72E815ED473E0007122B /* LQTracksViewController.m */ = {isa = PBXFileReference; fileEncoding = 4; lastKnownFileType = sourcecode.c.objc; path = LQTracksViewController.m; sourceTree = "<group>"; };
		BEF78BA915FAB9F700CF41FA /* LQNewTrackViewController.h */ = {isa = PBXFileReference; fileEncoding = 4; lastKnownFileType = sourcecode.c.h; name = LQNewTrackViewController.h; path = Tabs/NewTrack/LQNewTrackViewController.h; sourceTree = "<group>"; };
		BEF78BAA15FAB9F700CF41FA /* LQNewTrackViewController.m */ = {isa = PBXFileReference; fileEncoding = 4; lastKnownFileType = sourcecode.c.objc; name = LQNewTrackViewController.m; path = Tabs/NewTrack/LQNewTrackViewController.m; sourceTree = "<group>"; };
		BEF78BAB15FAB9F700CF41FA /* LQNewTrackViewController.xib */ = {isa = PBXFileReference; fileEncoding = 4; lastKnownFileType = file.xib; name = LQNewTrackViewController.xib; path = Tabs/NewTrack/LQNewTrackViewController.xib; sourceTree = "<group>"; };
/* End PBXFileReference section */

/* Begin PBXFrameworksBuildPhase section */
		BE7A849715E6D3F600340B5C /* Frameworks */ = {
			isa = PBXFrameworksBuildPhase;
			buildActionMask = 2147483647;
			files = (
				BE7A84D515E6E5DB00340B5C /* MapKit.framework in Frameworks */,
				BE7A84D615E6E5DB00340B5C /* MessageUI.framework in Frameworks */,
				BE7A84D715E6E5DB00340B5C /* QuartzCore.framework in Frameworks */,
				BE7A84CF15E6E5C600340B5C /* CoreLocation.framework in Frameworks */,
				BE7A84D015E6E5C600340B5C /* ImageIO.framework in Frameworks */,
				BE7A84D115E6E5C600340B5C /* libsqlite3.dylib in Frameworks */,
				BE7A849F15E6D3F600340B5C /* UIKit.framework in Frameworks */,
				BE7A84A115E6D3F600340B5C /* Foundation.framework in Frameworks */,
				BE7A84A315E6D3F600340B5C /* CoreGraphics.framework in Frameworks */,
			);
			runOnlyForDeploymentPostprocessing = 0;
		};
/* End PBXFrameworksBuildPhase section */

/* Begin PBXGroup section */
		BE7A848F15E6D3F600340B5C = {
			isa = PBXGroup;
			children = (
				BEBB72D115EC2B230007122B /* Icon@2x.png */,
				BEBB72CF15EC2B1F0007122B /* Icon.png */,
				BE7A84A415E6D3F600340B5C /* Geotracks */,
				BE7A849D15E6D3F600340B5C /* Frameworks */,
				BE7A849B15E6D3F600340B5C /* Products */,
			);
			sourceTree = "<group>";
		};
		BE7A849B15E6D3F600340B5C /* Products */ = {
			isa = PBXGroup;
			children = (
				BE7A849A15E6D3F600340B5C /* Geotracks.app */,
			);
			name = Products;
			sourceTree = "<group>";
		};
		BE7A849D15E6D3F600340B5C /* Frameworks */ = {
			isa = PBXGroup;
			children = (
				BE7A84D215E6E5DB00340B5C /* MapKit.framework */,
				BE7A84D315E6E5DB00340B5C /* MessageUI.framework */,
				BE7A84D415E6E5DB00340B5C /* QuartzCore.framework */,
				BE7A84CC15E6E5C600340B5C /* CoreLocation.framework */,
				BE7A84CD15E6E5C600340B5C /* ImageIO.framework */,
				BE7A84CE15E6E5C600340B5C /* libsqlite3.dylib */,
				BE7A849E15E6D3F600340B5C /* UIKit.framework */,
				BE7A84A015E6D3F600340B5C /* Foundation.framework */,
				BE7A84A215E6D3F600340B5C /* CoreGraphics.framework */,
			);
			name = Frameworks;
			sourceTree = "<group>";
		};
		BE7A84A415E6D3F600340B5C /* Geotracks */ = {
			isa = PBXGroup;
			children = (
				BE7A84C915E6E53400340B5C /* LQConfig.h */,
				BE7A84AD15E6D3F600340B5C /* LQAppDelegate.h */,
				BE7A84AE15E6D3F600340B5C /* LQAppDelegate.m */,
				BEBB724115EC057E0007122B /* LQTabBarController.h */,
				BEBB724215EC057E0007122B /* LQTabBarController.m */,
				BEBB723F15EC050D0007122B /* Tabs */,
				BE7A84D815E6E5EF00340B5C /* Classes */,
				BEBB727915EC0AFB0007122B /* Graphics */,
				BE7A84A515E6D3F600340B5C /* Supporting Files */,
			);
			path = Geotracks;
			sourceTree = "<group>";
		};
		BE7A84A515E6D3F600340B5C /* Supporting Files */ = {
			isa = PBXGroup;
			children = (
				BE7A84A615E6D3F600340B5C /* Geotracks-Info.plist */,
				BE7A84A715E6D3F600340B5C /* InfoPlist.strings */,
				BE7A84AA15E6D3F600340B5C /* main.m */,
				BE7A84AC15E6D3F600340B5C /* Geotracks-Prefix.pch */,
				BEBB72CD15EC25090007122B /* Settings.bundle */,
			);
			name = "Supporting Files";
			sourceTree = "<group>";
		};
		BE7A84D815E6E5EF00340B5C /* Classes */ = {
			isa = PBXGroup;
			children = (
				BE7FB05C15F921BE008904B9 /* NSString+URLEncoding.h */,
				BE7FB05D15F921BE008904B9 /* NSString+URLEncoding.m */,
				BE486AA715F7CD6C00F76B4B /* LQSTableViewController.h */,
				BE486AA815F7CD6C00F76B4B /* LQSTableViewController.m */,
				BE486AA915F7CD6C00F76B4B /* STableViewController.h */,
				BE486AAA15F7CD6C00F76B4B /* STableViewController.m */,
				BEBB72CC15EC23BD0007122B /* LOLDatabase.h */,
				BEBB72A815EC13C20007122B /* MTLocation */,
				BEBB726815EC08180007122B /* TableViewResources */,
				BEBB726415EC07950007122B /* MBProgressHUD */,
				BE7A84D915E6E77200340B5C /* JSONKit */,
			);
			name = Classes;
			sourceTree = "<group>";
		};
		BE7A84D915E6E77200340B5C /* JSONKit */ = {
			isa = PBXGroup;
			children = (
				BE7A84DA15E6E77200340B5C /* CHANGELOG.md */,
				BE7A84DB15E6E77200340B5C /* JSONKit.h */,
				BE7A84DC15E6E77200340B5C /* JSONKit.m */,
				BE7A84DD15E6E77200340B5C /* README.md */,
			);
			path = JSONKit;
			sourceTree = "<group>";
		};
		BEBB723F15EC050D0007122B /* Tabs */ = {
			isa = PBXGroup;
			children = (
				BEBB72E615ED471D0007122B /* Tracks */,
				BEF78B9C15FAB88700CF41FA /* New Track */,
				BEBB724415EC05F40007122B /* Settings */,
			);
			name = Tabs;
			sourceTree = "<group>";
		};
		BEBB724415EC05F40007122B /* Settings */ = {
			isa = PBXGroup;
			children = (
				BEBB724515EC06B10007122B /* Account */,
				BEBB724C15EC06B10007122B /* LQCreditsViewController.h */,
				BEBB724D15EC06B10007122B /* LQCreditsViewController.m */,
				BEBB724E15EC06B10007122B /* LQCreditsViewController.xib */,
				BEBB724F15EC06B10007122B /* LQLogoCell.h */,
				BEBB725015EC06B10007122B /* LQLogoCell.m */,
				BEBB725115EC06B10007122B /* LQLogoCell.xib */,
				BEBB725215EC06B10007122B /* LQPrivacyPolicyViewController.h */,
				BEBB725315EC06B10007122B /* LQPrivacyPolicyViewController.m */,
				BEBB725415EC06B10007122B /* LQPrivacyPolicyViewController.xib */,
				BEBB725515EC06B10007122B /* LQSettingsViewController.h */,
				BEBB725615EC06B10007122B /* LQSettingsViewController.m */,
				BEBB725715EC06B10007122B /* LQSettingsViewController.xib */,
			);
			name = Settings;
			sourceTree = "<group>";
		};
		BEBB724515EC06B10007122B /* Account */ = {
			isa = PBXGroup;
			children = (
				BEBB724615EC06B10007122B /* LQLoginViewController.h */,
				BEBB724715EC06B10007122B /* LQLoginViewController.m */,
				BEBB724815EC06B10007122B /* LQLoginViewController.xib */,
				BEBB724915EC06B10007122B /* LQSetupAccountViewController.h */,
				BEBB724A15EC06B10007122B /* LQSetupAccountViewController.m */,
				BEBB724B15EC06B10007122B /* LQSetupAccountViewController.xib */,
			);
			name = Account;
			path = Tabs/Settings/Account;
			sourceTree = "<group>";
		};
		BEBB726415EC07950007122B /* MBProgressHUD */ = {
			isa = PBXGroup;
			children = (
				BEBB726515EC07950007122B /* MBProgressHUD.h */,
				BEBB726615EC07950007122B /* MBProgressHUD.m */,
			);
			path = MBProgressHUD;
			sourceTree = "<group>";
		};
		BEBB726815EC08180007122B /* TableViewResources */ = {
			isa = PBXGroup;
			children = (
				BEBB726915EC08180007122B /* LQButtonTableViewCell.h */,
				BEBB726A15EC08180007122B /* LQButtonTableViewCell.m */,
				BEBB726B15EC08180007122B /* LQButtonTableViewCell.xib */,
				BEBB726C15EC08180007122B /* LQTableFooterView.h */,
				BEBB726D15EC08180007122B /* LQTableFooterView.m */,
				BEBB726E15EC08180007122B /* LQTableFooterView.xib */,
				BEBB726F15EC08180007122B /* LQTableHeaderView.h */,
				BEBB727015EC08180007122B /* LQTableHeaderView.m */,
				BEBB727115EC08180007122B /* LQTableHeaderView.xib */,
			);
			path = TableViewResources;
			sourceTree = "<group>";
		};
		BEBB727915EC0AFB0007122B /* Graphics */ = {
			isa = PBXGroup;
			children = (
				BEBB72D315EC2B420007122B /* Default.png */,
				BEBB72D415EC2B420007122B /* Default@2x.png */,
				BEBB729615EC0D4F0007122B /* button_disabled.png */,
				BEBB729715EC0D4F0007122B /* button_disabled@2x.png */,
				BEBB729815EC0D4F0007122B /* button_pressed.png */,
				BEBB729915EC0D4F0007122B /* button_pressed@2x.png */,
				BEBB729A15EC0D4F0007122B /* button.png */,
				BEBB729B15EC0D4F0007122B /* button@2x.png */,
				BEBB727A15EC0AFC0007122B /* cartographer_bg.png */,
				BEBB727B15EC0AFC0007122B /* cartographer_bg@2x.png */,
				BEBB727C15EC0AFC0007122B /* logo.png */,
				BEBB727D15EC0AFC0007122B /* logo@2x.png */,
				BEBB727E15EC0AFC0007122B /* map-marker.png */,
				BEBB727F15EC0AFC0007122B /* map-marker@2x.png */,
				BEBB728015EC0AFC0007122B /* map-x.png */,
				BEBB728115EC0AFC0007122B /* map-x@2x.png */,
				BEBB728215EC0AFC0007122B /* marker-shadow.png */,
				BEBB728315EC0AFC0007122B /* marker-shadow@2x.png */,
				BE486A9515F7C51E00F76B4B /* newGeotrack.png */,
				BE486A9615F7C51E00F76B4B /* newGeotrack@2x.png */,
				BEBB728615EC0AFC0007122B /* settings.png */,
				BEBB728715EC0AFC0007122B /* settings@2x.png */,
				BEBB72E215ED448C0007122B /* tracks.png */,
				BEBB72E315ED448C0007122B /* tracks@2x.png */,
			);
			path = Graphics;
			sourceTree = "<group>";
		};
		BEBB72A815EC13C20007122B /* MTLocation */ = {
			isa = PBXGroup;
			children = (
				BEBB72A915EC13C20007122B /* MKAnnotationView+MTLocation.h */,
				BEBB72AA15EC13C20007122B /* MKAnnotationView+MTLocation.m */,
				BEBB72AB15EC13C20007122B /* MKMapView+MTLocation.h */,
				BEBB72AC15EC13C20007122B /* MKMapView+MTLocation.m */,
				BEBB72AD15EC13C20007122B /* MTLocateMeBarButtonItem.h */,
				BEBB72AE15EC13C20007122B /* MTLocateMeBarButtonItem.m */,
				BEBB72AF15EC13C20007122B /* MTLocateMeButton.h */,
				BEBB72B015EC13C20007122B /* MTLocateMeButton.m */,
				BEBB72B115EC13C20007122B /* MTLocation.bundle */,
				BEBB72B215EC13C20007122B /* MTLocation.h */,
				BEBB72B315EC13C20007122B /* MTLocationDefines.h */,
				BEBB72B415EC13C20007122B /* MTLocationFunctions.h */,
				BEBB72B515EC13C20007122B /* MTLocationFunctions.m */,
				BEBB72B615EC13C20007122B /* MTLocationManager.h */,
				BEBB72B715EC13C20007122B /* MTLocationManager.m */,
				BEBB72B815EC13C20007122B /* MTOneTimeLocationManager.h */,
				BEBB72B915EC13C20007122B /* MTOneTimeLocationManager.m */,
				BEBB72BA15EC13C20007122B /* MTTouchesMovedGestureRecognizer.h */,
				BEBB72BB15EC13C20007122B /* MTTouchesMovedGestureRecognizer.m */,
				BEBB72BC15EC13C20007122B /* Prefix.pch */,
				BEBB72BD15EC13C20007122B /* UIBarButtonItem+MTLocation.h */,
				BEBB72BE15EC13C20007122B /* UIBarButtonItem+MTLocation.m */,
			);
			path = MTLocation;
			sourceTree = "<group>";
		};
		BEBB72E615ED471D0007122B /* Tracks */ = {
			isa = PBXGroup;
			children = (
				BEBB72E715ED473E0007122B /* LQTracksViewController.h */,
				BEBB72E815ED473E0007122B /* LQTracksViewController.m */,
				BE51928F15FEC00100B58484 /* LQTrackViewController.h */,
				BE51929015FEC00100B58484 /* LQTrackViewController.m */,
				BE51929115FEC00100B58484 /* LQTrackViewController.xib */,
			);
			name = Tracks;
			path = Tabs/Tracks;
			sourceTree = "<group>";
		};
		BEF78B9C15FAB88700CF41FA /* New Track */ = {
			isa = PBXGroup;
			children = (
				BEF78BA915FAB9F700CF41FA /* LQNewTrackViewController.h */,
				BEF78BAA15FAB9F700CF41FA /* LQNewTrackViewController.m */,
				BEF78BAB15FAB9F700CF41FA /* LQNewTrackViewController.xib */,
			);
			name = "New Track";
			sourceTree = "<group>";
		};
/* End PBXGroup section */

/* Begin PBXNativeTarget section */
		BE7A849915E6D3F600340B5C /* Geotracks */ = {
			isa = PBXNativeTarget;
			buildConfigurationList = BE7A84B215E6D3F600340B5C /* Build configuration list for PBXNativeTarget "Geotracks" */;
			buildPhases = (
				BE7A849615E6D3F600340B5C /* Sources */,
				BE7A849715E6D3F600340B5C /* Frameworks */,
				BE7A849815E6D3F600340B5C /* Resources */,
			);
			buildRules = (
			);
			dependencies = (
			);
			name = Geotracks;
			productName = Geotracks;
			productReference = BE7A849A15E6D3F600340B5C /* Geotracks.app */;
			productType = "com.apple.product-type.application";
		};
/* End PBXNativeTarget section */

/* Begin PBXProject section */
		BE7A849115E6D3F600340B5C /* Project object */ = {
			isa = PBXProject;
			attributes = {
				CLASSPREFIX = LQ;
				LastUpgradeCheck = 0440;
				ORGANIZATIONNAME = Geoloqi;
			};
			buildConfigurationList = BE7A849415E6D3F600340B5C /* Build configuration list for PBXProject "Geotracks" */;
			compatibilityVersion = "Xcode 3.2";
			developmentRegion = English;
			hasScannedForEncodings = 0;
			knownRegions = (
				en,
			);
			mainGroup = BE7A848F15E6D3F600340B5C;
			productRefGroup = BE7A849B15E6D3F600340B5C /* Products */;
			projectDirPath = "";
			projectRoot = "";
			targets = (
				BE7A849915E6D3F600340B5C /* Geotracks */,
			);
		};
/* End PBXProject section */

/* Begin PBXResourcesBuildPhase section */
		BE7A849815E6D3F600340B5C /* Resources */ = {
			isa = PBXResourcesBuildPhase;
			buildActionMask = 2147483647;
			files = (
				BE7A84A915E6D3F600340B5C /* InfoPlist.strings in Resources */,
				BE7A84DE15E6E77200340B5C /* CHANGELOG.md in Resources */,
				BE7A84E015E6E77200340B5C /* README.md in Resources */,
				BEBB725915EC06B10007122B /* LQLoginViewController.xib in Resources */,
				BEBB725B15EC06B10007122B /* LQSetupAccountViewController.xib in Resources */,
				BEBB725D15EC06B10007122B /* LQCreditsViewController.xib in Resources */,
				BEBB725F15EC06B10007122B /* LQLogoCell.xib in Resources */,
				BEBB726115EC06B10007122B /* LQPrivacyPolicyViewController.xib in Resources */,
				BEBB726315EC06B10007122B /* LQSettingsViewController.xib in Resources */,
				BEBB727315EC08180007122B /* LQButtonTableViewCell.xib in Resources */,
				BEBB727515EC08180007122B /* LQTableFooterView.xib in Resources */,
				BEBB727715EC08180007122B /* LQTableHeaderView.xib in Resources */,
				BEBB728815EC0AFC0007122B /* cartographer_bg.png in Resources */,
				BEBB728915EC0AFC0007122B /* cartographer_bg@2x.png in Resources */,
				BEBB728A15EC0AFC0007122B /* logo.png in Resources */,
				BEBB728B15EC0AFC0007122B /* logo@2x.png in Resources */,
				BEBB728C15EC0AFC0007122B /* map-marker.png in Resources */,
				BEBB728D15EC0AFC0007122B /* map-marker@2x.png in Resources */,
				BEBB728E15EC0AFC0007122B /* map-x.png in Resources */,
				BEBB728F15EC0AFC0007122B /* map-x@2x.png in Resources */,
				BEBB729015EC0AFC0007122B /* marker-shadow.png in Resources */,
				BEBB729115EC0AFC0007122B /* marker-shadow@2x.png in Resources */,
				BEBB729415EC0AFC0007122B /* settings.png in Resources */,
				BEBB729515EC0AFC0007122B /* settings@2x.png in Resources */,
				BEBB729C15EC0D4F0007122B /* button_disabled.png in Resources */,
				BEBB729D15EC0D4F0007122B /* button_disabled@2x.png in Resources */,
				BEBB729E15EC0D4F0007122B /* button_pressed.png in Resources */,
				BEBB729F15EC0D4F0007122B /* button_pressed@2x.png in Resources */,
				BEBB72A015EC0D4F0007122B /* button.png in Resources */,
				BEBB72A115EC0D4F0007122B /* button@2x.png in Resources */,
				BEBB72C315EC13C20007122B /* MTLocation.bundle in Resources */,
				BEBB72CE15EC25090007122B /* Settings.bundle in Resources */,
				BEBB72D015EC2B1F0007122B /* Icon.png in Resources */,
				BEBB72D215EC2B230007122B /* Icon@2x.png in Resources */,
				BEBB72D515EC2B420007122B /* Default.png in Resources */,
				BEBB72D615EC2B420007122B /* Default@2x.png in Resources */,
				BEBB72E415ED448C0007122B /* tracks.png in Resources */,
				BEBB72E515ED448C0007122B /* tracks@2x.png in Resources */,
				BE486A9715F7C51E00F76B4B /* newGeotrack.png in Resources */,
				BE486A9815F7C51E00F76B4B /* newGeotrack@2x.png in Resources */,
				BEF78BAD15FAB9F700CF41FA /* LQNewTrackViewController.xib in Resources */,
				BE51929315FEC00100B58484 /* LQTrackViewController.xib in Resources */,
			);
			runOnlyForDeploymentPostprocessing = 0;
		};
/* End PBXResourcesBuildPhase section */

/* Begin PBXSourcesBuildPhase section */
		BE7A849615E6D3F600340B5C /* Sources */ = {
			isa = PBXSourcesBuildPhase;
			buildActionMask = 2147483647;
			files = (
				BE7A84AB15E6D3F600340B5C /* main.m in Sources */,
				BE7A84AF15E6D3F600340B5C /* LQAppDelegate.m in Sources */,
				BE7A84DF15E6E77200340B5C /* JSONKit.m in Sources */,
				BEBB724315EC057E0007122B /* LQTabBarController.m in Sources */,
				BEBB725815EC06B10007122B /* LQLoginViewController.m in Sources */,
				BEBB725A15EC06B10007122B /* LQSetupAccountViewController.m in Sources */,
				BEBB725C15EC06B10007122B /* LQCreditsViewController.m in Sources */,
				BEBB725E15EC06B10007122B /* LQLogoCell.m in Sources */,
				BEBB726015EC06B10007122B /* LQPrivacyPolicyViewController.m in Sources */,
				BEBB726215EC06B10007122B /* LQSettingsViewController.m in Sources */,
				BEBB726715EC07950007122B /* MBProgressHUD.m in Sources */,
				BEBB727215EC08180007122B /* LQButtonTableViewCell.m in Sources */,
				BEBB727415EC08180007122B /* LQTableFooterView.m in Sources */,
				BEBB727615EC08180007122B /* LQTableHeaderView.m in Sources */,
				BEBB72BF15EC13C20007122B /* MKAnnotationView+MTLocation.m in Sources */,
				BEBB72C015EC13C20007122B /* MKMapView+MTLocation.m in Sources */,
				BEBB72C115EC13C20007122B /* MTLocateMeBarButtonItem.m in Sources */,
				BEBB72C215EC13C20007122B /* MTLocateMeButton.m in Sources */,
				BEBB72C415EC13C20007122B /* MTLocationFunctions.m in Sources */,
				BEBB72C515EC13C20007122B /* MTLocationManager.m in Sources */,
				BEBB72C615EC13C20007122B /* MTOneTimeLocationManager.m in Sources */,
				BEBB72C715EC13C20007122B /* MTTouchesMovedGestureRecognizer.m in Sources */,
				BEBB72C815EC13C20007122B /* UIBarButtonItem+MTLocation.m in Sources */,
				BEBB72EA15ED473E0007122B /* LQTracksViewController.m in Sources */,
				BE486AAB15F7CD6C00F76B4B /* LQSTableViewController.m in Sources */,
				BE486AAC15F7CD6C00F76B4B /* STableViewController.m in Sources */,
				BE7FB05E15F921BE008904B9 /* NSString+URLEncoding.m in Sources */,
				BEF78BAC15FAB9F700CF41FA /* LQNewTrackViewController.m in Sources */,
				BE51929215FEC00100B58484 /* LQTrackViewController.m in Sources */,
			);
			runOnlyForDeploymentPostprocessing = 0;
		};
/* End PBXSourcesBuildPhase section */

/* Begin PBXVariantGroup section */
		BE7A84A715E6D3F600340B5C /* InfoPlist.strings */ = {
			isa = PBXVariantGroup;
			children = (
				BE7A84A815E6D3F600340B5C /* en */,
			);
			name = InfoPlist.strings;
			sourceTree = "<group>";
		};
/* End PBXVariantGroup section */

/* Begin XCBuildConfiguration section */
		BE7A84B015E6D3F600340B5C /* Debug */ = {
			isa = XCBuildConfiguration;
			buildSettings = {
				ALWAYS_SEARCH_USER_PATHS = NO;
				ARCHS = "$(ARCHS_STANDARD_32_BIT)";
				CLANG_CXX_LANGUAGE_STANDARD = "gnu++0x";
				CLANG_ENABLE_OBJC_ARC = YES;
				CLANG_WARN__DUPLICATE_METHOD_MATCH = YES;
				"CODE_SIGN_IDENTITY[sdk=iphoneos*]" = "iPhone Developer";
				COPY_PHASE_STRIP = NO;
				GCC_C_LANGUAGE_STANDARD = gnu99;
				GCC_DYNAMIC_NO_PIC = NO;
				GCC_OPTIMIZATION_LEVEL = 0;
				GCC_PREPROCESSOR_DEFINITIONS = (
					"DEBUG=1",
					"$(inherited)",
				);
				GCC_SYMBOLS_PRIVATE_EXTERN = NO;
				GCC_VERSION = com.apple.compilers.llvm.clang.1_0;
				GCC_WARN_ABOUT_RETURN_TYPE = YES;
				GCC_WARN_UNINITIALIZED_AUTOS = YES;
				GCC_WARN_UNUSED_VARIABLE = YES;
				HEADER_SEARCH_PATHS = "\"$(SRCROOT)/GeoloqiSDK\"";
				IPHONEOS_DEPLOYMENT_TARGET = 5.1;
				LIBRARY_SEARCH_PATHS = "\"$(SRCROOT)/GeoloqiSDK\"";
				OTHER_LDFLAGS = (
					"-lGeoloqi-Debug",
					"-ObjC",
				);
				SDKROOT = iphoneos;
			};
			name = Debug;
		};
		BE7A84B115E6D3F600340B5C /* Release */ = {
			isa = XCBuildConfiguration;
			buildSettings = {
				ALWAYS_SEARCH_USER_PATHS = NO;
				ARCHS = "$(ARCHS_STANDARD_32_BIT)";
				CLANG_CXX_LANGUAGE_STANDARD = "gnu++0x";
				CLANG_ENABLE_OBJC_ARC = YES;
				CLANG_WARN__DUPLICATE_METHOD_MATCH = YES;
				"CODE_SIGN_IDENTITY[sdk=iphoneos*]" = "iPhone Developer";
				COPY_PHASE_STRIP = YES;
				GCC_C_LANGUAGE_STANDARD = gnu99;
				GCC_VERSION = com.apple.compilers.llvm.clang.1_0;
				GCC_WARN_ABOUT_RETURN_TYPE = YES;
				GCC_WARN_UNINITIALIZED_AUTOS = YES;
				GCC_WARN_UNUSED_VARIABLE = YES;
				HEADER_SEARCH_PATHS = "\"$(SRCROOT)/GeoloqiSDK\"";
				IPHONEOS_DEPLOYMENT_TARGET = 5.1;
				LIBRARY_SEARCH_PATHS = "\"$(SRCROOT)/GeoloqiSDK\"";
				OTHER_CFLAGS = "-DNS_BLOCK_ASSERTIONS=1";
				OTHER_LDFLAGS = (
					"-lGeoloqi-Release",
					"-ObjC",
				);
				SDKROOT = iphoneos;
				VALIDATE_PRODUCT = YES;
			};
			name = Release;
		};
		BE7A84B315E6D3F600340B5C /* Debug */ = {
			isa = XCBuildConfiguration;
			buildSettings = {
				GCC_PRECOMPILE_PREFIX_HEADER = YES;
				GCC_PREFIX_HEADER = "Geotracks/Geotracks-Prefix.pch";
				INFOPLIST_FILE = "Geotracks/Geotracks-Info.plist";
				PRODUCT_NAME = "$(TARGET_NAME)";
				WRAPPER_EXTENSION = app;
			};
			name = Debug;
		};
		BE7A84B415E6D3F600340B5C /* Release */ = {
			isa = XCBuildConfiguration;
			buildSettings = {
				GCC_PRECOMPILE_PREFIX_HEADER = YES;
				GCC_PREFIX_HEADER = "Geotracks/Geotracks-Prefix.pch";
				INFOPLIST_FILE = "Geotracks/Geotracks-Info.plist";
				PRODUCT_NAME = "$(TARGET_NAME)";
				WRAPPER_EXTENSION = app;
			};
			name = Release;
		};
/* End XCBuildConfiguration section */

/* Begin XCConfigurationList section */
		BE7A849415E6D3F600340B5C /* Build configuration list for PBXProject "Geotracks" */ = {
			isa = XCConfigurationList;
			buildConfigurations = (
				BE7A84B015E6D3F600340B5C /* Debug */,
				BE7A84B115E6D3F600340B5C /* Release */,
			);
			defaultConfigurationIsVisible = 0;
			defaultConfigurationName = Release;
		};
		BE7A84B215E6D3F600340B5C /* Build configuration list for PBXNativeTarget "Geotracks" */ = {
			isa = XCConfigurationList;
			buildConfigurations = (
				BE7A84B315E6D3F600340B5C /* Debug */,
				BE7A84B415E6D3F600340B5C /* Release */,
			);
			defaultConfigurationIsVisible = 0;
			defaultConfigurationName = Release;
		};
/* End XCConfigurationList section */
	};
	rootObject = BE7A849115E6D3F600340B5C /* Project object */;
}
